
Microsoft Visual Studio Solution File, Format Version 12.00
# Visual Studio 15
VisualStudioVersion = 15.0.26124.0
MinimumVisualStudioVersion = 15.0.26124.0
Project("{FAE04EC0-301F-11D3-BF4B-00C04F79EFBC}") = "MyMusic.Api", "MyMusic.Api\MyMusic.Api.csproj", "{6BEB9A4D-BBD4-4CE2-9338-88DD891AF410}"
EndProject
Project("{FAE04EC0-301F-11D3-BF4B-00C04F79EFBC}") = "MyMusic.Core", "MyMusic.Core\MyMusic.Core.csproj", "{0AD04BF0-53F4-4559-8964-820ED652CCD0}"
EndProject
Project("{FAE04EC0-301F-11D3-BF4B-00C04F79EFBC}") = "MyMusic.Data", "MyMusic.Data\MyMusic.Data.csproj", "{EB011152-E674-4EE6-8084-871B447DE6F0}"
EndProject
Project("{FAE04EC0-301F-11D3-BF4B-00C04F79EFBC}") = "MyMusic.Services", "MyMusic.Services\MyMusic.Services.csproj", "{3461449F-F841-452A-AEF3-4A8D4D7A37CB}"
EndProject
Global
	GlobalSection(SolutionConfigurationPlatforms) = preSolution
		Debug|Any CPU = Debug|Any CPU
		Debug|x64 = Debug|x64
		Debug|x86 = Debug|x86
		Release|Any CPU = Release|Any CPU
		Release|x64 = Release|x64
		Release|x86 = Release|x86
	EndGlobalSection
	GlobalSection(SolutionProperties) = preSolution
		HideSolutionNode = FALSE
	EndGlobalSection
	GlobalSection(ProjectConfigurationPlatforms) = postSolution
		{6BEB9A4D-BBD4-4CE2-9338-88DD891AF410}.Debug|Any CPU.ActiveCfg = Debug|Any CPU
		{6BEB9A4D-BBD4-4CE2-9338-88DD891AF410}.Debug|Any CPU.Build.0 = Debug|Any CPU
		{6BEB9A4D-BBD4-4CE2-9338-88DD891AF410}.Debug|x64.ActiveCfg = Debug|Any CPU
		{6BEB9A4D-BBD4-4CE2-9338-88DD891AF410}.Debug|x64.Build.0 = Debug|Any CPU
		{6BEB9A4D-BBD4-4CE2-9338-88DD891AF410}.Debug|x86.ActiveCfg = Debug|Any CPU
		{6BEB9A4D-BBD4-4CE2-9338-88DD891AF410}.Debug|x86.Build.0 = Debug|Any CPU
		{6BEB9A4D-BBD4-4CE2-9338-88DD891AF410}.Release|Any CPU.ActiveCfg = Release|Any CPU
		{6BEB9A4D-BBD4-4CE2-9338-88DD891AF410}.Release|Any CPU.Build.0 = Release|Any CPU
		{6BEB9A4D-BBD4-4CE2-9338-88DD891AF410}.Release|x64.ActiveCfg = Release|Any CPU
		{6BEB9A4D-BBD4-4CE2-9338-88DD891AF410}.Release|x64.Build.0 = Release|Any CPU
		{6BEB9A4D-BBD4-4CE2-9338-88DD891AF410}.Release|x86.ActiveCfg = Release|Any CPU
		{6BEB9A4D-BBD4-4CE2-9338-88DD891AF410}.Release|x86.Build.0 = Release|Any CPU
		{0AD04BF0-53F4-4559-8964-820ED652CCD0}.Debug|Any CPU.ActiveCfg = Debug|Any CPU
		{0AD04BF0-53F4-4559-8964-820ED652CCD0}.Debug|Any CPU.Build.0 = Debug|Any CPU
		{0AD04BF0-53F4-4559-8964-820ED652CCD0}.Debug|x64.ActiveCfg = Debug|Any CPU
		{0AD04BF0-53F4-4559-8964-820ED652CCD0}.Debug|x64.Build.0 = Debug|Any CPU
		{0AD04BF0-53F4-4559-8964-820ED652CCD0}.Debug|x86.ActiveCfg = Debug|Any CPU
		{0AD04BF0-53F4-4559-8964-820ED652CCD0}.Debug|x86.Build.0 = Debug|Any CPU
		{0AD04BF0-53F4-4559-8964-820ED652CCD0}.Release|Any CPU.ActiveCfg = Release|Any CPU
		{0AD04BF0-53F4-4559-8964-820ED652CCD0}.Release|Any CPU.Build.0 = Release|Any CPU
		{0AD04BF0-53F4-4559-8964-820ED652CCD0}.Release|x64.ActiveCfg = Release|Any CPU
		{0AD04BF0-53F4-4559-8964-820ED652CCD0}.Release|x64.Build.0 = Release|Any CPU
		{0AD04BF0-53F4-4559-8964-820ED652CCD0}.Release|x86.ActiveCfg = Release|Any CPU
		{0AD04BF0-53F4-4559-8964-820ED652CCD0}.Release|x86.Build.0 = Release|Any CPU
		{EB011152-E674-4EE6-8084-871B447DE6F0}.Debug|Any CPU.ActiveCfg = Debug|Any CPU
		{EB011152-E674-4EE6-8084-871B447DE6F0}.Debug|Any CPU.Build.0 = Debug|Any CPU
		{EB011152-E674-4EE6-8084-871B447DE6F0}.Debug|x64.ActiveCfg = Debug|Any CPU
		{EB011152-E674-4EE6-8084-871B447DE6F0}.Debug|x64.Build.0 = Debug|Any CPU
		{EB011152-E674-4EE6-8084-871B447DE6F0}.Debug|x86.ActiveCfg = Debug|Any CPU
		{EB011152-E674-4EE6-8084-871B447DE6F0}.Debug|x86.Build.0 = Debug|Any CPU
		{EB011152-E674-4EE6-8084-871B447DE6F0}.Release|Any CPU.ActiveCfg = Release|Any CPU
		{EB011152-E674-4EE6-8084-871B447DE6F0}.Release|Any CPU.Build.0 = Release|Any CPU
		{EB011152-E674-4EE6-8084-871B447DE6F0}.Release|x64.ActiveCfg = Release|Any CPU
		{EB011152-E674-4EE6-8084-871B447DE6F0}.Release|x64.Build.0 = Release|Any CPU
		{EB011152-E674-4EE6-8084-871B447DE6F0}.Release|x86.ActiveCfg = Release|Any CPU
		{EB011152-E674-4EE6-8084-871B447DE6F0}.Release|x86.Build.0 = Release|Any CPU
		{3461449F-F841-452A-AEF3-4A8D4D7A37CB}.Debug|Any CPU.ActiveCfg = Debug|Any CPU
		{3461449F-F841-452A-AEF3-4A8D4D7A37CB}.Debug|Any CPU.Build.0 = Debug|Any CPU
		{3461449F-F841-452A-AEF3-4A8D4D7A37CB}.Debug|x64.ActiveCfg = Debug|Any CPU
		{3461449F-F841-452A-AEF3-4A8D4D7A37CB}.Debug|x64.Build.0 = Debug|Any CPU
		{3461449F-F841-452A-AEF3-4A8D4D7A37CB}.Debug|x86.ActiveCfg = Debug|Any CPU
		{3461449F-F841-452A-AEF3-4A8D4D7A37CB}.Debug|x86.Build.0 = Debug|Any CPU
		{3461449F-F841-452A-AEF3-4A8D4D7A37CB}.Release|Any CPU.ActiveCfg = Release|Any CPU
		{3461449F-F841-452A-AEF3-4A8D4D7A37CB}.Release|Any CPU.Build.0 = Release|Any CPU
		{3461449F-F841-452A-AEF3-4A8D4D7A37CB}.Release|x64.ActiveCfg = Release|Any CPU
		{3461449F-F841-452A-AEF3-4A8D4D7A37CB}.Release|x64.Build.0 = Release|Any CPU
		{3461449F-F841-452A-AEF3-4A8D4D7A37CB}.Release|x86.ActiveCfg = Release|Any CPU
		{3461449F-F841-452A-AEF3-4A8D4D7A37CB}.Release|x86.Build.0 = Release|Any CPU
	EndGlobalSection
EndGlobal
